
Microsoft Visual Studio Solution File, Format Version 12.00
# Visual Studio Version 17
VisualStudioVersion = 17.1.32210.238
MinimumVisualStudioVersion = 10.0.40219.1
Project("{9A19103F-16F7-4668-BE54-9A1E7A4F7556}") = "Centenary.Storage", "Centenary.Storage\Centenary.Storage.csproj", "{65087576-371A-415F-A8E8-C840E6AE1FA8}"
EndProject
Project("{9A19103F-16F7-4668-BE54-9A1E7A4F7556}") = "Centenary.Mail", "Centenary.Mail\Centenary.Mail.csproj", "{AC25B146-BB9A-4AA1-A3A3-69A4129410A6}"
EndProject
Project("{FAE04EC0-301F-11D3-BF4B-00C04F79EFBC}") = "Centenary.Api", "Centenary.Api\Centenary.Api.csproj", "{11E92695-B4E8-4808-8AF0-4D48FF292C16}"
EndProject
Project("{FAE04EC0-301F-11D3-BF4B-00C04F79EFBC}") = "Centenary.Razor", "Centenary.Razor\Centenary.Razor.csproj", "{71CD16F5-24A6-4458-BC58-87A126DB8F9C}"
EndProject
Global
	GlobalSection(SolutionConfigurationPlatforms) = preSolution
		Debug|Any CPU = Debug|Any CPU
		Release|Any CPU = Release|Any CPU
	EndGlobalSection
	GlobalSection(ProjectConfigurationPlatforms) = postSolution
		{65087576-371A-415F-A8E8-C840E6AE1FA8}.Debug|Any CPU.ActiveCfg = Debug|Any CPU
		{65087576-371A-415F-A8E8-C840E6AE1FA8}.Debug|Any CPU.Build.0 = Debug|Any CPU
		{65087576-371A-415F-A8E8-C840E6AE1FA8}.Release|Any CPU.ActiveCfg = Release|Any CPU
		{65087576-371A-415F-A8E8-C840E6AE1FA8}.Release|Any CPU.Build.0 = Release|Any CPU
		{AC25B146-BB9A-4AA1-A3A3-69A4129410A6}.Debug|Any CPU.ActiveCfg = Debug|Any CPU
		{AC25B146-BB9A-4AA1-A3A3-69A4129410A6}.Debug|Any CPU.Build.0 = Debug|Any CPU
		{AC25B146-BB9A-4AA1-A3A3-69A4129410A6}.Release|Any CPU.ActiveCfg = Release|Any CPU
		{AC25B146-BB9A-4AA1-A3A3-69A4129410A6}.Release|Any CPU.Build.0 = Release|Any CPU
		{11E92695-B4E8-4808-8AF0-4D48FF292C16}.Debug|Any CPU.ActiveCfg = Debug|Any CPU
		{11E92695-B4E8-4808-8AF0-4D48FF292C16}.Debug|Any CPU.Build.0 = Debug|Any CPU
		{11E92695-B4E8-4808-8AF0-4D48FF292C16}.Release|Any CPU.ActiveCfg = Release|Any CPU
		{11E92695-B4E8-4808-8AF0-4D48FF292C16}.Release|Any CPU.Build.0 = Release|Any CPU
		{71CD16F5-24A6-4458-BC58-87A126DB8F9C}.Debug|Any CPU.ActiveCfg = Debug|Any CPU
		{71CD16F5-24A6-4458-BC58-87A126DB8F9C}.Debug|Any CPU.Build.0 = Debug|Any CPU
		{71CD16F5-24A6-4458-BC58-87A126DB8F9C}.Release|Any CPU.ActiveCfg = Release|Any CPU
		{71CD16F5-24A6-4458-BC58-87A126DB8F9C}.Release|Any CPU.Build.0 = Release|Any CPU
	EndGlobalSection
	GlobalSection(SolutionProperties) = preSolution
		HideSolutionNode = FALSE
	EndGlobalSection
	GlobalSection(ExtensibilityGlobals) = postSolution
		SolutionGuid = {D81FEC5E-71B4-4951-B5B2-C437F00E3110}
	EndGlobalSection
EndGlobal
