
Microsoft Visual Studio Solution File, Format Version 12.00
# Visual Studio Version 17
VisualStudioVersion = 17.1.32210.238
MinimumVisualStudioVersion = 10.0.40219.1
Project("{9A19103F-16F7-4668-BE54-9A1E7A4F7556}") = "Centenary.Storage", "Centenary.Storage\Centenary.Storage.csproj", "{65087576-371A-415F-A8E8-C840E6AE1FA8}"
EndProject
Project("{9A19103F-16F7-4668-BE54-9A1E7A4F7556}") = "Centenary.Functions", "Centenary.Functions\Centenary.Functions.csproj", "{23098E52-04D7-4054-B335-F8FD1640A52A}"
EndProject
Project("{9A19103F-16F7-4668-BE54-9A1E7A4F7556}") = "Centenary.Mail", "Centenary.Mail\Centenary.Mail.csproj", "{AC25B146-BB9A-4AA1-A3A3-69A4129410A6}"
EndProject
Project("{FAE04EC0-301F-11D3-BF4B-00C04F79EFBC}") = "Centenary.Razor", "Centenary.Razor\Centenary.Razor.csproj", "{CBAFA767-1DC7-4031-BD16-F094BE60FD75}"
EndProject
Project("{FAE04EC0-301F-11D3-BF4B-00C04F79EFBC}") = "Centenary.Mvc", "Centenary.Mvc\Centenary.Mvc.csproj", "{F9246C1C-6EF2-4919-B6C8-D36ADB3889BF}"
EndProject
Project("{FAE04EC0-301F-11D3-BF4B-00C04F79EFBC}") = "Centenary.Web", "Centenary.Web\Centenary.Web.csproj", "{76B801D0-1071-41D3-B580-BA7680D405D5}"
EndProject
Global
	GlobalSection(SolutionConfigurationPlatforms) = preSolution
		Debug|Any CPU = Debug|Any CPU
		Release|Any CPU = Release|Any CPU
	EndGlobalSection
	GlobalSection(ProjectConfigurationPlatforms) = postSolution
		{65087576-371A-415F-A8E8-C840E6AE1FA8}.Debug|Any CPU.ActiveCfg = Debug|Any CPU
		{65087576-371A-415F-A8E8-C840E6AE1FA8}.Debug|Any CPU.Build.0 = Debug|Any CPU
		{65087576-371A-415F-A8E8-C840E6AE1FA8}.Release|Any CPU.ActiveCfg = Release|Any CPU
		{65087576-371A-415F-A8E8-C840E6AE1FA8}.Release|Any CPU.Build.0 = Release|Any CPU
		{23098E52-04D7-4054-B335-F8FD1640A52A}.Debug|Any CPU.ActiveCfg = Debug|Any CPU
		{23098E52-04D7-4054-B335-F8FD1640A52A}.Debug|Any CPU.Build.0 = Debug|Any CPU
		{23098E52-04D7-4054-B335-F8FD1640A52A}.Release|Any CPU.ActiveCfg = Release|Any CPU
		{23098E52-04D7-4054-B335-F8FD1640A52A}.Release|Any CPU.Build.0 = Release|Any CPU
		{AC25B146-BB9A-4AA1-A3A3-69A4129410A6}.Debug|Any CPU.ActiveCfg = Debug|Any CPU
		{AC25B146-BB9A-4AA1-A3A3-69A4129410A6}.Debug|Any CPU.Build.0 = Debug|Any CPU
		{AC25B146-BB9A-4AA1-A3A3-69A4129410A6}.Release|Any CPU.ActiveCfg = Release|Any CPU
		{AC25B146-BB9A-4AA1-A3A3-69A4129410A6}.Release|Any CPU.Build.0 = Release|Any CPU
		{CBAFA767-1DC7-4031-BD16-F094BE60FD75}.Debug|Any CPU.ActiveCfg = Debug|Any CPU
		{CBAFA767-1DC7-4031-BD16-F094BE60FD75}.Debug|Any CPU.Build.0 = Debug|Any CPU
		{CBAFA767-1DC7-4031-BD16-F094BE60FD75}.Release|Any CPU.ActiveCfg = Release|Any CPU
		{CBAFA767-1DC7-4031-BD16-F094BE60FD75}.Release|Any CPU.Build.0 = Release|Any CPU
		{F9246C1C-6EF2-4919-B6C8-D36ADB3889BF}.Debug|Any CPU.ActiveCfg = Debug|Any CPU
		{F9246C1C-6EF2-4919-B6C8-D36ADB3889BF}.Debug|Any CPU.Build.0 = Debug|Any CPU
		{F9246C1C-6EF2-4919-B6C8-D36ADB3889BF}.Release|Any CPU.ActiveCfg = Release|Any CPU
		{F9246C1C-6EF2-4919-B6C8-D36ADB3889BF}.Release|Any CPU.Build.0 = Release|Any CPU
		{76B801D0-1071-41D3-B580-BA7680D405D5}.Debug|Any CPU.ActiveCfg = Debug|Any CPU
		{76B801D0-1071-41D3-B580-BA7680D405D5}.Debug|Any CPU.Build.0 = Debug|Any CPU
		{76B801D0-1071-41D3-B580-BA7680D405D5}.Release|Any CPU.ActiveCfg = Release|Any CPU
		{76B801D0-1071-41D3-B580-BA7680D405D5}.Release|Any CPU.Build.0 = Release|Any CPU
	EndGlobalSection
	GlobalSection(SolutionProperties) = preSolution
		HideSolutionNode = FALSE
	EndGlobalSection
	GlobalSection(ExtensibilityGlobals) = postSolution
		SolutionGuid = {D81FEC5E-71B4-4951-B5B2-C437F00E3110}
	EndGlobalSection
EndGlobal
