
Microsoft Visual Studio Solution File, Format Version 12.00
Project("{FAE04EC0-301F-11D3-BF4B-00C04F79EFBC}") = "Centenary.Storage", "Centenary.Storage\Centenary.Storage.csproj", "{65087576-371A-415F-A8E8-C840E6AE1FA8}"
EndProject
Project("{FAE04EC0-301F-11D3-BF4B-00C04F79EFBC}") = "Centenary.Web", "Centenary.Web\Centenary.Web.csproj", "{9C21542A-9F4B-42CF-B684-8704A2C3FF99}"
EndProject
Global
	GlobalSection(SolutionConfigurationPlatforms) = preSolution
		Debug|Any CPU = Debug|Any CPU
		Release|Any CPU = Release|Any CPU
	EndGlobalSection
	GlobalSection(ProjectConfigurationPlatforms) = postSolution
		{65087576-371A-415F-A8E8-C840E6AE1FA8}.Debug|Any CPU.ActiveCfg = Debug|Any CPU
		{65087576-371A-415F-A8E8-C840E6AE1FA8}.Debug|Any CPU.Build.0 = Debug|Any CPU
		{65087576-371A-415F-A8E8-C840E6AE1FA8}.Release|Any CPU.ActiveCfg = Release|Any CPU
		{65087576-371A-415F-A8E8-C840E6AE1FA8}.Release|Any CPU.Build.0 = Release|Any CPU
		{9C21542A-9F4B-42CF-B684-8704A2C3FF99}.Debug|Any CPU.ActiveCfg = Debug|Any CPU
		{9C21542A-9F4B-42CF-B684-8704A2C3FF99}.Debug|Any CPU.Build.0 = Debug|Any CPU
		{9C21542A-9F4B-42CF-B684-8704A2C3FF99}.Release|Any CPU.ActiveCfg = Release|Any CPU
		{9C21542A-9F4B-42CF-B684-8704A2C3FF99}.Release|Any CPU.Build.0 = Release|Any CPU
	EndGlobalSection
EndGlobal
